// !$*UTF8*$!
{
	archiveVersion = 1;
	classes = {
	};
	objectVersion = 55;
	objects = {

/* Begin PBXBuildFile section */
		C31FC2BF2814826400274FA3 /* AppDelegate.swift in Sources */ = {isa = PBXBuildFile; fileRef = C31FC2BE2814826400274FA3 /* AppDelegate.swift */; };
		C31FC2C12814826400274FA3 /* SceneDelegate.swift in Sources */ = {isa = PBXBuildFile; fileRef = C31FC2C02814826400274FA3 /* SceneDelegate.swift */; };
		C31FC2C32814826400274FA3 /* ViewController.swift in Sources */ = {isa = PBXBuildFile; fileRef = C31FC2C22814826400274FA3 /* ViewController.swift */; };
		C31FC2C62814826400274FA3 /* Main.storyboard in Resources */ = {isa = PBXBuildFile; fileRef = C31FC2C42814826400274FA3 /* Main.storyboard */; };
		C31FC2C82814826600274FA3 /* Assets.xcassets in Resources */ = {isa = PBXBuildFile; fileRef = C31FC2C72814826600274FA3 /* Assets.xcassets */; };
		C31FC2CB2814826600274FA3 /* LaunchScreen.storyboard in Resources */ = {isa = PBXBuildFile; fileRef = C31FC2C92814826600274FA3 /* LaunchScreen.storyboard */; };
		C31FC2D62814B0A600274FA3 /* DataDock in Frameworks */ = {isa = PBXBuildFile; productRef = C31FC2D52814B0A600274FA3 /* DataDock */; };
/* End PBXBuildFile section */

/* Begin PBXFileReference section */
		C31FC2BB2814826400274FA3 /* DataDockDemo.app */ = {isa = PBXFileReference; explicitFileType = wrapper.application; includeInIndex = 0; path = DataDockDemo.app; sourceTree = BUILT_PRODUCTS_DIR; };
		C31FC2BE2814826400274FA3 /* AppDelegate.swift */ = {isa = PBXFileReference; lastKnownFileType = sourcecode.swift; path = AppDelegate.swift; sourceTree = "<group>"; };
		C31FC2C02814826400274FA3 /* SceneDelegate.swift */ = {isa = PBXFileReference; lastKnownFileType = sourcecode.swift; path = SceneDelegate.swift; sourceTree = "<group>"; };
		C31FC2C22814826400274FA3 /* ViewController.swift */ = {isa = PBXFileReference; lastKnownFileType = sourcecode.swift; path = ViewController.swift; sourceTree = "<group>"; };
		C31FC2C52814826400274FA3 /* Base */ = {isa = PBXFileReference; lastKnownFileType = file.storyboard; name = Base; path = Base.lproj/Main.storyboard; sourceTree = "<group>"; };
		C31FC2C72814826600274FA3 /* Assets.xcassets */ = {isa = PBXFileReference; lastKnownFileType = folder.assetcatalog; path = Assets.xcassets; sourceTree = "<group>"; };
		C31FC2CA2814826600274FA3 /* Base */ = {isa = PBXFileReference; lastKnownFileType = file.storyboard; name = Base; path = Base.lproj/LaunchScreen.storyboard; sourceTree = "<group>"; };
		C31FC2CC2814826600274FA3 /* Info.plist */ = {isa = PBXFileReference; lastKnownFileType = text.plist.xml; path = Info.plist; sourceTree = "<group>"; };
		C31FC2D3281482A100274FA3 /* DataDock */ = {isa = PBXFileReference; lastKnownFileType = wrapper; name = DataDock; path = ..; sourceTree = "<group>"; };
/* End PBXFileReference section */

/* Begin PBXFrameworksBuildPhase section */
		C31FC2B82814826400274FA3 /* Frameworks */ = {
			isa = PBXFrameworksBuildPhase;
			buildActionMask = 2147483647;
			files = (
				C31FC2D62814B0A600274FA3 /* DataDock in Frameworks */,
			);
			runOnlyForDeploymentPostprocessing = 0;
		};
/* End PBXFrameworksBuildPhase section */

/* Begin PBXGroup section */
		C31FC2B22814826400274FA3 = {
			isa = PBXGroup;
			children = (
				C31FC2BD2814826400274FA3 /* DataDockDemo */,
				C31FC2D2281482A100274FA3 /* Packages */,
				C31FC2BC2814826400274FA3 /* Products */,
				C31FC2D42814B0A600274FA3 /* Frameworks */,
			);
			sourceTree = "<group>";
		};
		C31FC2BC2814826400274FA3 /* Products */ = {
			isa = PBXGroup;
			children = (
				C31FC2BB2814826400274FA3 /* DataDockDemo.app */,
			);
			name = Products;
			sourceTree = "<group>";
		};
		C31FC2BD2814826400274FA3 /* DataDockDemo */ = {
			isa = PBXGroup;
			children = (
				C31FC2BE2814826400274FA3 /* AppDelegate.swift */,
				C31FC2C02814826400274FA3 /* SceneDelegate.swift */,
				C31FC2C22814826400274FA3 /* ViewController.swift */,
				C31FC2C42814826400274FA3 /* Main.storyboard */,
				C31FC2C72814826600274FA3 /* Assets.xcassets */,
				C31FC2C92814826600274FA3 /* LaunchScreen.storyboard */,
				C31FC2CC2814826600274FA3 /* Info.plist */,
			);
			path = DataDockDemo;
			sourceTree = "<group>";
		};
		C31FC2D2281482A100274FA3 /* Packages */ = {
			isa = PBXGroup;
			children = (
				C31FC2D3281482A100274FA3 /* DataDock */,
			);
			name = Packages;
			sourceTree = "<group>";
		};
		C31FC2D42814B0A600274FA3 /* Frameworks */ = {
			isa = PBXGroup;
			children = (
			);
			name = Frameworks;
			sourceTree = "<group>";
		};
/* End PBXGroup section */

/* Begin PBXNativeTarget section */
		C31FC2BA2814826400274FA3 /* DataDockDemo */ = {
			isa = PBXNativeTarget;
			buildConfigurationList = C31FC2CF2814826600274FA3 /* Build configuration list for PBXNativeTarget "DataDockDemo" */;
			buildPhases = (
				C31FC2B72814826400274FA3 /* Sources */,
				C31FC2B82814826400274FA3 /* Frameworks */,
				C31FC2B92814826400274FA3 /* Resources */,
			);
			buildRules = (
			);
			dependencies = (
			);
			name = DataDockDemo;
			packageProductDependencies = (
				C31FC2D52814B0A600274FA3 /* DataDock */,
			);
			productName = DataDockDemo;
			productReference = C31FC2BB2814826400274FA3 /* DataDockDemo.app */;
			productType = "com.apple.product-type.application";
		};
/* End PBXNativeTarget section */

/* Begin PBXProject section */
		C31FC2B32814826400274FA3 /* Project object */ = {
			isa = PBXProject;
			attributes = {
				BuildIndependentTargetsInParallel = 1;
				LastSwiftUpdateCheck = 1330;
				LastUpgradeCheck = 1330;
				TargetAttributes = {
					C31FC2BA2814826400274FA3 = {
						CreatedOnToolsVersion = 13.3.1;
					};
				};
			};
			buildConfigurationList = C31FC2B62814826400274FA3 /* Build configuration list for PBXProject "DataDockDemo" */;
			compatibilityVersion = "Xcode 13.0";
			developmentRegion = en;
			hasScannedForEncodings = 0;
			knownRegions = (
				en,
				Base,
			);
			mainGroup = C31FC2B22814826400274FA3;
			productRefGroup = C31FC2BC2814826400274FA3 /* Products */;
			projectDirPath = "";
			projectRoot = "";
			targets = (
				C31FC2BA2814826400274FA3 /* DataDockDemo */,
			);
		};
/* End PBXProject section */

/* Begin PBXResourcesBuildPhase section */
		C31FC2B92814826400274FA3 /* Resources */ = {
			isa = PBXResourcesBuildPhase;
			buildActionMask = 2147483647;
			files = (
				C31FC2CB2814826600274FA3 /* LaunchScreen.storyboard in Resources */,
				C31FC2C82814826600274FA3 /* Assets.xcassets in Resources */,
				C31FC2C62814826400274FA3 /* Main.storyboard in Resources */,
			);
			runOnlyForDeploymentPostprocessing = 0;
		};
/* End PBXResourcesBuildPhase section */

/* Begin PBXSourcesBuildPhase section */
		C31FC2B72814826400274FA3 /* Sources */ = {
			isa = PBXSourcesBuildPhase;
			buildActionMask = 2147483647;
			files = (
				C31FC2C32814826400274FA3 /* ViewController.swift in Sources */,
				C31FC2BF2814826400274FA3 /* AppDelegate.swift in Sources */,
				C31FC2C12814826400274FA3 /* SceneDelegate.swift in Sources */,
			);
			runOnlyForDeploymentPostprocessing = 0;
		};
/* End PBXSourcesBuildPhase section */

/* Begin PBXVariantGroup section */
		C31FC2C42814826400274FA3 /* Main.storyboard */ = {
			isa = PBXVariantGroup;
			children = (
				C31FC2C52814826400274FA3 /* Base */,
			);
			name = Main.storyboard;
			sourceTree = "<group>";
		};
		C31FC2C92814826600274FA3 /* LaunchScreen.storyboard */ = {
			isa = PBXVariantGroup;
			children = (
				C31FC2CA2814826600274FA3 /* Base */,
			);
			name = LaunchScreen.storyboard;
			sourceTree = "<group>";
		};
/* End PBXVariantGroup section */

/* Begin XCBuildConfiguration section */
		C31FC2CD2814826600274FA3 /* Debug */ = {
			isa = XCBuildConfiguration;
			buildSettings = {
				ALWAYS_SEARCH_USER_PATHS = NO;
				CLANG_ANALYZER_NONNULL = YES;
				CLANG_ANALYZER_NUMBER_OBJECT_CONVERSION = YES_AGGRESSIVE;
				CLANG_CXX_LANGUAGE_STANDARD = "gnu++17";
				CLANG_ENABLE_MODULES = YES;
				CLANG_ENABLE_OBJC_ARC = YES;
				CLANG_ENABLE_OBJC_WEAK = YES;
				CLANG_WARN_BLOCK_CAPTURE_AUTORELEASING = YES;
				CLANG_WARN_BOOL_CONVERSION = YES;
				CLANG_WARN_COMMA = YES;
				CLANG_WARN_CONSTANT_CONVERSION = YES;
				CLANG_WARN_DEPRECATED_OBJC_IMPLEMENTATIONS = YES;
				CLANG_WARN_DIRECT_OBJC_ISA_USAGE = YES_ERROR;
				CLANG_WARN_DOCUMENTATION_COMMENTS = YES;
				CLANG_WARN_EMPTY_BODY = YES;
				CLANG_WARN_ENUM_CONVERSION = YES;
				CLANG_WARN_INFINITE_RECURSION = YES;
				CLANG_WARN_INT_CONVERSION = YES;
				CLANG_WARN_NON_LITERAL_NULL_CONVERSION = YES;
				CLANG_WARN_OBJC_IMPLICIT_RETAIN_SELF = YES;
				CLANG_WARN_OBJC_LITERAL_CONVERSION = YES;
				CLANG_WARN_OBJC_ROOT_CLASS = YES_ERROR;
				CLANG_WARN_QUOTED_INCLUDE_IN_FRAMEWORK_HEADER = YES;
				CLANG_WARN_RANGE_LOOP_ANALYSIS = YES;
				CLANG_WARN_STRICT_PROTOTYPES = YES;
				CLANG_WARN_SUSPICIOUS_MOVE = YES;
				CLANG_WARN_UNGUARDED_AVAILABILITY = YES_AGGRESSIVE;
				CLANG_WARN_UNREACHABLE_CODE = YES;
				CLANG_WARN__DUPLICATE_METHOD_MATCH = YES;
				COPY_PHASE_STRIP = NO;
				DEBUG_INFORMATION_FORMAT = dwarf;
				ENABLE_STRICT_OBJC_MSGSEND = YES;
				ENABLE_TESTABILITY = YES;
				GCC_C_LANGUAGE_STANDARD = gnu11;
				GCC_DYNAMIC_NO_PIC = NO;
				GCC_NO_COMMON_BLOCKS = YES;
				GCC_OPTIMIZATION_LEVEL = 0;
				GCC_PREPROCESSOR_DEFINITIONS = (
					"DEBUG=1",
					"$(inherited)",
				);
				GCC_WARN_64_TO_32_BIT_CONVERSION = YES;
				GCC_WARN_ABOUT_RETURN_TYPE = YES_ERROR;
				GCC_WARN_UNDECLARED_SELECTOR = YES;
				GCC_WARN_UNINITIALIZED_AUTOS = YES_AGGRESSIVE;
				GCC_WARN_UNUSED_FUNCTION = YES;
				GCC_WARN_UNUSED_VARIABLE = YES;
				IPHONEOS_DEPLOYMENT_TARGET = 15.4;
				MTL_ENABLE_DEBUG_INFO = INCLUDE_SOURCE;
				MTL_FAST_MATH = YES;
				ONLY_ACTIVE_ARCH = YES;
				SDKROOT = iphoneos;
				SWIFT_ACTIVE_COMPILATION_CONDITIONS = DEBUG;
				SWIFT_OPTIMIZATION_LEVEL = "-Onone";
			};
			name = Debug;
		};
		C31FC2CE2814826600274FA3 /* Release */ = {
			isa = XCBuildConfiguration;
			buildSettings = {
				ALWAYS_SEARCH_USER_PATHS = NO;
				CLANG_ANALYZER_NONNULL = YES;
				CLANG_ANALYZER_NUMBER_OBJECT_CONVERSION = YES_AGGRESSIVE;
				CLANG_CXX_LANGUAGE_STANDARD = "gnu++17";
				CLANG_ENABLE_MODULES = YES;
				CLANG_ENABLE_OBJC_ARC = YES;
				CLANG_ENABLE_OBJC_WEAK = YES;
				CLANG_WARN_BLOCK_CAPTURE_AUTORELEASING = YES;
				CLANG_WARN_BOOL_CONVERSION = YES;
				CLANG_WARN_COMMA = YES;
				CLANG_WARN_CONSTANT_CONVERSION = YES;
				CLANG_WARN_DEPRECATED_OBJC_IMPLEMENTATIONS = YES;
				CLANG_WARN_DIRECT_OBJC_ISA_USAGE = YES_ERROR;
				CLANG_WARN_DOCUMENTATION_COMMENTS = YES;
				CLANG_WARN_EMPTY_BODY = YES;
				CLANG_WARN_ENUM_CONVERSION = YES;
				CLANG_WARN_INFINITE_RECURSION = YES;
				CLANG_WARN_INT_CONVERSION = YES;
				CLANG_WARN_NON_LITERAL_NULL_CONVERSION = YES;
				CLANG_WARN_OBJC_IMPLICIT_RETAIN_SELF = YES;
				CLANG_WARN_OBJC_LITERAL_CONVERSION = YES;
				CLANG_WARN_OBJC_ROOT_CLASS = YES_ERROR;
				CLANG_WARN_QUOTED_INCLUDE_IN_FRAMEWORK_HEADER = YES;
				CLANG_WARN_RANGE_LOOP_ANALYSIS = YES;
				CLANG_WARN_STRICT_PROTOTYPES = YES;
				CLANG_WARN_SUSPICIOUS_MOVE = YES;
				CLANG_WARN_UNGUARDED_AVAILABILITY = YES_AGGRESSIVE;
				CLANG_WARN_UNREACHABLE_CODE = YES;
				CLANG_WARN__DUPLICATE_METHOD_MATCH = YES;
				COPY_PHASE_STRIP = NO;
				DEBUG_INFORMATION_FORMAT = "dwarf-with-dsym";
				ENABLE_NS_ASSERTIONS = NO;
				ENABLE_STRICT_OBJC_MSGSEND = YES;
				GCC_C_LANGUAGE_STANDARD = gnu11;
				GCC_NO_COMMON_BLOCKS = YES;
				GCC_WARN_64_TO_32_BIT_CONVERSION = YES;
				GCC_WARN_ABOUT_RETURN_TYPE = YES_ERROR;
				GCC_WARN_UNDECLARED_SELECTOR = YES;
				GCC_WARN_UNINITIALIZED_AUTOS = YES_AGGRESSIVE;
				GCC_WARN_UNUSED_FUNCTION = YES;
				GCC_WARN_UNUSED_VARIABLE = YES;
				IPHONEOS_DEPLOYMENT_TARGET = 15.4;
				MTL_ENABLE_DEBUG_INFO = NO;
				MTL_FAST_MATH = YES;
				SDKROOT = iphoneos;
				SWIFT_COMPILATION_MODE = wholemodule;
				SWIFT_OPTIMIZATION_LEVEL = "-O";
				VALIDATE_PRODUCT = YES;
			};
			name = Release;
		};
		C31FC2D02814826600274FA3 /* Debug */ = {
			isa = XCBuildConfiguration;
			buildSettings = {
				ASSETCATALOG_COMPILER_APPICON_NAME = AppIcon;
				ASSETCATALOG_COMPILER_GLOBAL_ACCENT_COLOR_NAME = AccentColor;
				CODE_SIGN_STYLE = Automatic;
				CURRENT_PROJECT_VERSION = 1;
				DEVELOPMENT_TEAM = UF5W2G7992;
				GENERATE_INFOPLIST_FILE = YES;
				INFOPLIST_FILE = DataDockDemo/Info.plist;
				INFOPLIST_KEY_UIApplicationSupportsIndirectInputEvents = YES;
				INFOPLIST_KEY_UILaunchStoryboardName = LaunchScreen;
				INFOPLIST_KEY_UIMainStoryboardFile = Main;
				INFOPLIST_KEY_UISupportedInterfaceOrientations_iPad = "UIInterfaceOrientationPortrait UIInterfaceOrientationPortraitUpsideDown UIInterfaceOrientationLandscapeLeft UIInterfaceOrientationLandscapeRight";
				INFOPLIST_KEY_UISupportedInterfaceOrientations_iPhone = "UIInterfaceOrientationPortrait UIInterfaceOrientationLandscapeLeft UIInterfaceOrientationLandscapeRight";
				LD_RUNPATH_SEARCH_PATHS = (
					"$(inherited)",
					"@executable_path/Frameworks",
				);
				MARKETING_VERSION = 1.0;
				PRODUCT_BUNDLE_IDENTIFIER = mx.pewpew.DataDockDemo;
				PRODUCT_NAME = "$(TARGET_NAME)";
				SWIFT_EMIT_LOC_STRINGS = YES;
				SWIFT_VERSION = 5.0;
				TARGETED_DEVICE_FAMILY = "1,2";
			};
			name = Debug;
		};
		C31FC2D12814826600274FA3 /* Release */ = {
			isa = XCBuildConfiguration;
			buildSettings = {
				ASSETCATALOG_COMPILER_APPICON_NAME = AppIcon;
				ASSETCATALOG_COMPILER_GLOBAL_ACCENT_COLOR_NAME = AccentColor;
				CODE_SIGN_STYLE = Automatic;
				CURRENT_PROJECT_VERSION = 1;
				DEVELOPMENT_TEAM = UF5W2G7992;
				GENERATE_INFOPLIST_FILE = YES;
				INFOPLIST_FILE = DataDockDemo/Info.plist;
				INFOPLIST_KEY_UIApplicationSupportsIndirectInputEvents = YES;
				INFOPLIST_KEY_UILaunchStoryboardName = LaunchScreen;
				INFOPLIST_KEY_UIMainStoryboardFile = Main;
				INFOPLIST_KEY_UISupportedInterfaceOrientations_iPad = "UIInterfaceOrientationPortrait UIInterfaceOrientationPortraitUpsideDown UIInterfaceOrientationLandscapeLeft UIInterfaceOrientationLandscapeRight";
				INFOPLIST_KEY_UISupportedInterfaceOrientations_iPhone = "UIInterfaceOrientationPortrait UIInterfaceOrientationLandscapeLeft UIInterfaceOrientationLandscapeRight";
				LD_RUNPATH_SEARCH_PATHS = (
					"$(inherited)",
					"@executable_path/Frameworks",
				);
				MARKETING_VERSION = 1.0;
				PRODUCT_BUNDLE_IDENTIFIER = mx.pewpew.DataDockDemo;
				PRODUCT_NAME = "$(TARGET_NAME)";
				SWIFT_EMIT_LOC_STRINGS = YES;
				SWIFT_VERSION = 5.0;
				TARGETED_DEVICE_FAMILY = "1,2";
			};
			name = Release;
		};
/* End XCBuildConfiguration section */

/* Begin XCConfigurationList section */
		C31FC2B62814826400274FA3 /* Build configuration list for PBXProject "DataDockDemo" */ = {
			isa = XCConfigurationList;
			buildConfigurations = (
				C31FC2CD2814826600274FA3 /* Debug */,
				C31FC2CE2814826600274FA3 /* Release */,
			);
			defaultConfigurationIsVisible = 0;
			defaultConfigurationName = Release;
		};
		C31FC2CF2814826600274FA3 /* Build configuration list for PBXNativeTarget "DataDockDemo" */ = {
			isa = XCConfigurationList;
			buildConfigurations = (
				C31FC2D02814826600274FA3 /* Debug */,
				C31FC2D12814826600274FA3 /* Release */,
			);
			defaultConfigurationIsVisible = 0;
			defaultConfigurationName = Release;
		};
/* End XCConfigurationList section */

/* Begin XCSwiftPackageProductDependency section */
		C31FC2D52814B0A600274FA3 /* DataDock */ = {
			isa = XCSwiftPackageProductDependency;
			productName = DataDock;
		};
/* End XCSwiftPackageProductDependency section */
	};
	rootObject = C31FC2B32814826400274FA3 /* Project object */;
}
